
Microsoft Visual Studio Solution File, Format Version 12.00
# Visual Studio 15
VisualStudioVersion = 15.0.28307.168
MinimumVisualStudioVersion = 10.0.40219.1
Project("{FAE04EC0-301F-11D3-BF4B-00C04F79EFBC}") = "SilvermoonWebsite", "SilvermoonWebsite\SilvermoonWebsite.csproj", "{9DDAC11E-572B-4E06-90DF-45C6217A5AD2}"
EndProject
Project("{FAE04EC0-301F-11D3-BF4B-00C04F79EFBC}") = "SilvermoonDatabaseHandler", "SilvermoonDatabaseHandler\SilvermoonDatabaseHandler.csproj", "{E0AC92DF-C568-4E0D-9352-8E235EA27509}"
EndProject
Global
	GlobalSection(SolutionConfigurationPlatforms) = preSolution
		Debug|Any CPU = Debug|Any CPU
		Release|Any CPU = Release|Any CPU
	EndGlobalSection
	GlobalSection(ProjectConfigurationPlatforms) = postSolution
		{9DDAC11E-572B-4E06-90DF-45C6217A5AD2}.Debug|Any CPU.ActiveCfg = Debug|Any CPU
		{9DDAC11E-572B-4E06-90DF-45C6217A5AD2}.Debug|Any CPU.Build.0 = Debug|Any CPU
		{9DDAC11E-572B-4E06-90DF-45C6217A5AD2}.Release|Any CPU.ActiveCfg = Release|Any CPU
		{9DDAC11E-572B-4E06-90DF-45C6217A5AD2}.Release|Any CPU.Build.0 = Release|Any CPU
		{E0AC92DF-C568-4E0D-9352-8E235EA27509}.Debug|Any CPU.ActiveCfg = Debug|Any CPU
		{E0AC92DF-C568-4E0D-9352-8E235EA27509}.Debug|Any CPU.Build.0 = Debug|Any CPU
		{E0AC92DF-C568-4E0D-9352-8E235EA27509}.Release|Any CPU.ActiveCfg = Release|Any CPU
		{E0AC92DF-C568-4E0D-9352-8E235EA27509}.Release|Any CPU.Build.0 = Release|Any CPU
	EndGlobalSection
	GlobalSection(SolutionProperties) = preSolution
		HideSolutionNode = FALSE
	EndGlobalSection
	GlobalSection(ExtensibilityGlobals) = postSolution
		SolutionGuid = {E839311D-EE38-45FA-8A6A-DA7D3B4E41A1}
	EndGlobalSection
EndGlobal
